
Microsoft Visual Studio Solution File, Format Version 12.00
# Visual Studio Version 17
VisualStudioVersion = 17.1.32407.343
MinimumVisualStudioVersion = 10.0.40219.1
Project("{2150E333-8FDC-42A3-9474-1A3956D46DE8}") = "DataAccessLayer", "DataAccessLayer", "{A46753DF-86A6-4EEE-B534-B9653B7182B5}"
EndProject
Project("{2150E333-8FDC-42A3-9474-1A3956D46DE8}") = "BL_DL_DTO_Layer", "BL_DL_DTO_Layer", "{DD66C11D-664B-446B-A08C-71A666C9497E}"
EndProject
Project("{2150E333-8FDC-42A3-9474-1A3956D46DE8}") = "BusinessLayer", "BusinessLayer", "{8DF6A6EA-64EA-4A08-8AA9-50887B52713C}"
EndProject
Project("{2150E333-8FDC-42A3-9474-1A3956D46DE8}") = "PL_BL_DTO_Layer", "PL_BL_DTO_Layer", "{2E4B06CE-DEA4-4A88-AF0B-115C2B0CAB7D}"
EndProject
Project("{2150E333-8FDC-42A3-9474-1A3956D46DE8}") = "PresentationLayer", "PresentationLayer", "{7887BB59-1945-4CED-811C-3A31ABEB9C0A}"
EndProject
Project("{FAE04EC0-301F-11D3-BF4B-00C04F79EFBC}") = "BusinessToDataAccessDTOLib", "BL_DL_DTO_Layer\BusinessToDataAccessDTOLib\BusinessToDataAccessDTOLib.csproj", "{87A63168-333A-47E1-ACD5-C1FF85E8400B}"
EndProject
Project("{FAE04EC0-301F-11D3-BF4B-00C04F79EFBC}") = "BusinessLayerLibTests", "BusinessLayer\BusinessLayerLibTests\BusinessLayerLibTests.csproj", "{876452DB-AD47-4823-B1F9-0C8020275790}"
EndProject
Project("{FAE04EC0-301F-11D3-BF4B-00C04F79EFBC}") = "BusinessLayerLib", "BusinessLayer\BusinessLayerLib\BusinessLayerLib.csproj", "{9E3CF957-EF04-4A0D-A692-BFFE30983BA1}"
EndProject
Project("{FAE04EC0-301F-11D3-BF4B-00C04F79EFBC}") = "DataAccessGeneralLib", "DataAccessLayer\DataAccessGeneralLib\DataAccessGeneralLib.csproj", "{2D7B98B4-A12C-4815-9BCB-A8FE0F49B900}"
EndProject
Project("{FAE04EC0-301F-11D3-BF4B-00C04F79EFBC}") = "DataAccessMSSQLLib", "DataAccessLayer\DataAccessMSSQLLib\DataAccessMSSQLLib.csproj", "{D2FA3DB2-A882-407F-8C24-4BC272AB5CF4}"
EndProject
Project("{FAE04EC0-301F-11D3-BF4B-00C04F79EFBC}") = "DataAccessXMLLib", "DataAccessLayer\DataAccessXMLLib\DataAccessXMLLib.csproj", "{D7F229D7-3824-4EAE-9046-27E7759FA75D}"
EndProject
Project("{FAE04EC0-301F-11D3-BF4B-00C04F79EFBC}") = "FaceToBusinessDTOLib", "PL_BL_DTO_Layer\FaceToBusinessDTOLib\FaceToBusinessDTOLib.csproj", "{9105F09C-5723-4C05-9486-384855C1C759}"
EndProject
Project("{FAE04EC0-301F-11D3-BF4B-00C04F79EFBC}") = "ConsoleFace", "PresentationLayer\ConsoleFace\ConsoleFace.csproj", "{1C4EC9FD-D9D2-488C-B342-A2832EF7AAE3}"
EndProject
Project("{FAE04EC0-301F-11D3-BF4B-00C04F79EFBC}") = "WindowsFormsFace", "PresentationLayer\WindowsFormsFace\WindowsFormsFace.csproj", "{F8A8C2AE-C7AB-4CAC-8D2B-F68D82BBAE62}"
EndProject
Project("{FAE04EC0-301F-11D3-BF4B-00C04F79EFBC}") = "BusinessToDataAccessDTOLibTests", "BL_DL_DTO_Layer\BusinessToDataAccessDTOLibTests\BusinessToDataAccessDTOLibTests.csproj", "{F08FE004-E3ED-4627-AB30-1BBA9C82EA25}"
EndProject
Project("{FAE04EC0-301F-11D3-BF4B-00C04F79EFBC}") = "DataAccessMSSQLLibTests", "DataAccessLayer\DataAccessMSSQLLibTests\DataAccessMSSQLLibTests.csproj", "{755B5220-06BD-43D3-9F6B-EEA33FABE2E1}"
EndProject
Project("{FAE04EC0-301F-11D3-BF4B-00C04F79EFBC}") = "DataAccessXMLLibTests", "DataAccessLayer\DataAccessXMLLibTests\DataAccessXMLLibTests.csproj", "{26E7A84E-DCD4-4CE5-B972-A98D40F5A425}"
EndProject
Project("{FAE04EC0-301F-11D3-BF4B-00C04F79EFBC}") = "FaceToBusinessDTOLibTests", "PL_BL_DTO_Layer\FaceToBusinessDTOLibTests\FaceToBusinessDTOLibTests.csproj", "{FA7D9373-5BEF-4437-A8FE-409BF2BB5C71}"
EndProject
Project("{FAE04EC0-301F-11D3-BF4B-00C04F79EFBC}") = "ConsoleFaceTests", "PresentationLayer\ConsoleFaceTests\ConsoleFaceTests.csproj", "{47FD0EFB-EAD1-42B0-9F7A-FE550CBA8083}"
EndProject
Project("{FAE04EC0-301F-11D3-BF4B-00C04F79EFBC}") = "WindowsFormsFaceTests", "PresentationLayer\WindowsFormsFaceTests\WindowsFormsFaceTests.csproj", "{8F080F86-304A-4798-8D21-ABB72E139316}"
EndProject
Project("{FAE04EC0-301F-11D3-BF4B-00C04F79EFBC}") = "WebMVCFaceTests", "PresentationLayer\WebMVCFaceTests\WebMVCFaceTests.csproj", "{0408EAD6-8552-4478-A07D-AD38C025A168}"
EndProject
Project("{FAE04EC0-301F-11D3-BF4B-00C04F79EFBC}") = "WebMVCFace", "PresentationLayer\WebMVCFace\WebMVCFace.csproj", "{9D3DD289-C0B4-4CE1-BF85-10BE91D75AF6}"
EndProject
Global
	GlobalSection(SolutionConfigurationPlatforms) = preSolution
		Debug|Any CPU = Debug|Any CPU
		Release|Any CPU = Release|Any CPU
	EndGlobalSection
	GlobalSection(ProjectConfigurationPlatforms) = postSolution
		{87A63168-333A-47E1-ACD5-C1FF85E8400B}.Debug|Any CPU.ActiveCfg = Debug|Any CPU
		{87A63168-333A-47E1-ACD5-C1FF85E8400B}.Debug|Any CPU.Build.0 = Debug|Any CPU
		{87A63168-333A-47E1-ACD5-C1FF85E8400B}.Release|Any CPU.ActiveCfg = Release|Any CPU
		{87A63168-333A-47E1-ACD5-C1FF85E8400B}.Release|Any CPU.Build.0 = Release|Any CPU
		{876452DB-AD47-4823-B1F9-0C8020275790}.Debug|Any CPU.ActiveCfg = Debug|Any CPU
		{876452DB-AD47-4823-B1F9-0C8020275790}.Debug|Any CPU.Build.0 = Debug|Any CPU
		{876452DB-AD47-4823-B1F9-0C8020275790}.Release|Any CPU.ActiveCfg = Release|Any CPU
		{876452DB-AD47-4823-B1F9-0C8020275790}.Release|Any CPU.Build.0 = Release|Any CPU
		{9E3CF957-EF04-4A0D-A692-BFFE30983BA1}.Debug|Any CPU.ActiveCfg = Debug|Any CPU
		{9E3CF957-EF04-4A0D-A692-BFFE30983BA1}.Debug|Any CPU.Build.0 = Debug|Any CPU
		{9E3CF957-EF04-4A0D-A692-BFFE30983BA1}.Release|Any CPU.ActiveCfg = Release|Any CPU
		{9E3CF957-EF04-4A0D-A692-BFFE30983BA1}.Release|Any CPU.Build.0 = Release|Any CPU
		{2D7B98B4-A12C-4815-9BCB-A8FE0F49B900}.Debug|Any CPU.ActiveCfg = Debug|Any CPU
		{2D7B98B4-A12C-4815-9BCB-A8FE0F49B900}.Debug|Any CPU.Build.0 = Debug|Any CPU
		{2D7B98B4-A12C-4815-9BCB-A8FE0F49B900}.Release|Any CPU.ActiveCfg = Release|Any CPU
		{2D7B98B4-A12C-4815-9BCB-A8FE0F49B900}.Release|Any CPU.Build.0 = Release|Any CPU
		{D2FA3DB2-A882-407F-8C24-4BC272AB5CF4}.Debug|Any CPU.ActiveCfg = Debug|Any CPU
		{D2FA3DB2-A882-407F-8C24-4BC272AB5CF4}.Debug|Any CPU.Build.0 = Debug|Any CPU
		{D2FA3DB2-A882-407F-8C24-4BC272AB5CF4}.Release|Any CPU.ActiveCfg = Release|Any CPU
		{D2FA3DB2-A882-407F-8C24-4BC272AB5CF4}.Release|Any CPU.Build.0 = Release|Any CPU
		{D7F229D7-3824-4EAE-9046-27E7759FA75D}.Debug|Any CPU.ActiveCfg = Debug|Any CPU
		{D7F229D7-3824-4EAE-9046-27E7759FA75D}.Debug|Any CPU.Build.0 = Debug|Any CPU
		{D7F229D7-3824-4EAE-9046-27E7759FA75D}.Release|Any CPU.ActiveCfg = Release|Any CPU
		{D7F229D7-3824-4EAE-9046-27E7759FA75D}.Release|Any CPU.Build.0 = Release|Any CPU
		{9105F09C-5723-4C05-9486-384855C1C759}.Debug|Any CPU.ActiveCfg = Debug|Any CPU
		{9105F09C-5723-4C05-9486-384855C1C759}.Debug|Any CPU.Build.0 = Debug|Any CPU
		{9105F09C-5723-4C05-9486-384855C1C759}.Release|Any CPU.ActiveCfg = Release|Any CPU
		{9105F09C-5723-4C05-9486-384855C1C759}.Release|Any CPU.Build.0 = Release|Any CPU
		{1C4EC9FD-D9D2-488C-B342-A2832EF7AAE3}.Debug|Any CPU.ActiveCfg = Debug|Any CPU
		{1C4EC9FD-D9D2-488C-B342-A2832EF7AAE3}.Debug|Any CPU.Build.0 = Debug|Any CPU
		{1C4EC9FD-D9D2-488C-B342-A2832EF7AAE3}.Release|Any CPU.ActiveCfg = Release|Any CPU
		{1C4EC9FD-D9D2-488C-B342-A2832EF7AAE3}.Release|Any CPU.Build.0 = Release|Any CPU
		{F8A8C2AE-C7AB-4CAC-8D2B-F68D82BBAE62}.Debug|Any CPU.ActiveCfg = Debug|Any CPU
		{F8A8C2AE-C7AB-4CAC-8D2B-F68D82BBAE62}.Debug|Any CPU.Build.0 = Debug|Any CPU
		{F8A8C2AE-C7AB-4CAC-8D2B-F68D82BBAE62}.Release|Any CPU.ActiveCfg = Release|Any CPU
		{F8A8C2AE-C7AB-4CAC-8D2B-F68D82BBAE62}.Release|Any CPU.Build.0 = Release|Any CPU
		{F08FE004-E3ED-4627-AB30-1BBA9C82EA25}.Debug|Any CPU.ActiveCfg = Debug|Any CPU
		{F08FE004-E3ED-4627-AB30-1BBA9C82EA25}.Debug|Any CPU.Build.0 = Debug|Any CPU
		{F08FE004-E3ED-4627-AB30-1BBA9C82EA25}.Release|Any CPU.ActiveCfg = Release|Any CPU
		{F08FE004-E3ED-4627-AB30-1BBA9C82EA25}.Release|Any CPU.Build.0 = Release|Any CPU
		{755B5220-06BD-43D3-9F6B-EEA33FABE2E1}.Debug|Any CPU.ActiveCfg = Debug|Any CPU
		{755B5220-06BD-43D3-9F6B-EEA33FABE2E1}.Debug|Any CPU.Build.0 = Debug|Any CPU
		{755B5220-06BD-43D3-9F6B-EEA33FABE2E1}.Release|Any CPU.ActiveCfg = Release|Any CPU
		{755B5220-06BD-43D3-9F6B-EEA33FABE2E1}.Release|Any CPU.Build.0 = Release|Any CPU
		{26E7A84E-DCD4-4CE5-B972-A98D40F5A425}.Debug|Any CPU.ActiveCfg = Debug|Any CPU
		{26E7A84E-DCD4-4CE5-B972-A98D40F5A425}.Debug|Any CPU.Build.0 = Debug|Any CPU
		{26E7A84E-DCD4-4CE5-B972-A98D40F5A425}.Release|Any CPU.ActiveCfg = Release|Any CPU
		{26E7A84E-DCD4-4CE5-B972-A98D40F5A425}.Release|Any CPU.Build.0 = Release|Any CPU
		{FA7D9373-5BEF-4437-A8FE-409BF2BB5C71}.Debug|Any CPU.ActiveCfg = Debug|Any CPU
		{FA7D9373-5BEF-4437-A8FE-409BF2BB5C71}.Debug|Any CPU.Build.0 = Debug|Any CPU
		{FA7D9373-5BEF-4437-A8FE-409BF2BB5C71}.Release|Any CPU.ActiveCfg = Release|Any CPU
		{FA7D9373-5BEF-4437-A8FE-409BF2BB5C71}.Release|Any CPU.Build.0 = Release|Any CPU
		{47FD0EFB-EAD1-42B0-9F7A-FE550CBA8083}.Debug|Any CPU.ActiveCfg = Debug|Any CPU
		{47FD0EFB-EAD1-42B0-9F7A-FE550CBA8083}.Debug|Any CPU.Build.0 = Debug|Any CPU
		{47FD0EFB-EAD1-42B0-9F7A-FE550CBA8083}.Release|Any CPU.ActiveCfg = Release|Any CPU
		{47FD0EFB-EAD1-42B0-9F7A-FE550CBA8083}.Release|Any CPU.Build.0 = Release|Any CPU
		{8F080F86-304A-4798-8D21-ABB72E139316}.Debug|Any CPU.ActiveCfg = Debug|Any CPU
		{8F080F86-304A-4798-8D21-ABB72E139316}.Debug|Any CPU.Build.0 = Debug|Any CPU
		{8F080F86-304A-4798-8D21-ABB72E139316}.Release|Any CPU.ActiveCfg = Release|Any CPU
		{8F080F86-304A-4798-8D21-ABB72E139316}.Release|Any CPU.Build.0 = Release|Any CPU
		{0408EAD6-8552-4478-A07D-AD38C025A168}.Debug|Any CPU.ActiveCfg = Debug|Any CPU
		{0408EAD6-8552-4478-A07D-AD38C025A168}.Debug|Any CPU.Build.0 = Debug|Any CPU
		{0408EAD6-8552-4478-A07D-AD38C025A168}.Release|Any CPU.ActiveCfg = Release|Any CPU
		{0408EAD6-8552-4478-A07D-AD38C025A168}.Release|Any CPU.Build.0 = Release|Any CPU
		{9D3DD289-C0B4-4CE1-BF85-10BE91D75AF6}.Debug|Any CPU.ActiveCfg = Debug|Any CPU
		{9D3DD289-C0B4-4CE1-BF85-10BE91D75AF6}.Debug|Any CPU.Build.0 = Debug|Any CPU
		{9D3DD289-C0B4-4CE1-BF85-10BE91D75AF6}.Release|Any CPU.ActiveCfg = Release|Any CPU
		{9D3DD289-C0B4-4CE1-BF85-10BE91D75AF6}.Release|Any CPU.Build.0 = Release|Any CPU
	EndGlobalSection
	GlobalSection(SolutionProperties) = preSolution
		HideSolutionNode = FALSE
	EndGlobalSection
	GlobalSection(NestedProjects) = preSolution
		{87A63168-333A-47E1-ACD5-C1FF85E8400B} = {DD66C11D-664B-446B-A08C-71A666C9497E}
		{876452DB-AD47-4823-B1F9-0C8020275790} = {8DF6A6EA-64EA-4A08-8AA9-50887B52713C}
		{9E3CF957-EF04-4A0D-A692-BFFE30983BA1} = {8DF6A6EA-64EA-4A08-8AA9-50887B52713C}
		{2D7B98B4-A12C-4815-9BCB-A8FE0F49B900} = {A46753DF-86A6-4EEE-B534-B9653B7182B5}
		{D2FA3DB2-A882-407F-8C24-4BC272AB5CF4} = {A46753DF-86A6-4EEE-B534-B9653B7182B5}
		{D7F229D7-3824-4EAE-9046-27E7759FA75D} = {A46753DF-86A6-4EEE-B534-B9653B7182B5}
		{9105F09C-5723-4C05-9486-384855C1C759} = {2E4B06CE-DEA4-4A88-AF0B-115C2B0CAB7D}
		{1C4EC9FD-D9D2-488C-B342-A2832EF7AAE3} = {7887BB59-1945-4CED-811C-3A31ABEB9C0A}
		{F8A8C2AE-C7AB-4CAC-8D2B-F68D82BBAE62} = {7887BB59-1945-4CED-811C-3A31ABEB9C0A}
		{F08FE004-E3ED-4627-AB30-1BBA9C82EA25} = {DD66C11D-664B-446B-A08C-71A666C9497E}
		{755B5220-06BD-43D3-9F6B-EEA33FABE2E1} = {A46753DF-86A6-4EEE-B534-B9653B7182B5}
		{26E7A84E-DCD4-4CE5-B972-A98D40F5A425} = {A46753DF-86A6-4EEE-B534-B9653B7182B5}
		{FA7D9373-5BEF-4437-A8FE-409BF2BB5C71} = {2E4B06CE-DEA4-4A88-AF0B-115C2B0CAB7D}
		{47FD0EFB-EAD1-42B0-9F7A-FE550CBA8083} = {7887BB59-1945-4CED-811C-3A31ABEB9C0A}
		{8F080F86-304A-4798-8D21-ABB72E139316} = {7887BB59-1945-4CED-811C-3A31ABEB9C0A}
		{0408EAD6-8552-4478-A07D-AD38C025A168} = {7887BB59-1945-4CED-811C-3A31ABEB9C0A}
		{9D3DD289-C0B4-4CE1-BF85-10BE91D75AF6} = {7887BB59-1945-4CED-811C-3A31ABEB9C0A}
	EndGlobalSection
	GlobalSection(ExtensibilityGlobals) = postSolution
		SolutionGuid = {3E1CDE3F-0008-486A-A022-8CCDC651538E}
	EndGlobalSection
EndGlobal
